
Microsoft Visual Studio Solution File, Format Version 12.00
# Visual Studio Version 17
VisualStudioVersion = 17.7.34024.191
MinimumVisualStudioVersion = 10.0.40219.1
Project("{FAE04EC0-301F-11D3-BF4B-00C04F79EFBC}") = "WpfApp9", "WpfApp9\WpfApp9.csproj", "{5E417916-5DB1-4DC4-A15D-68A531AE465D}"
EndProject
Global
	GlobalSection(SolutionConfigurationPlatforms) = preSolution
		Debug|Any CPU = Debug|Any CPU
		Release|Any CPU = Release|Any CPU
	EndGlobalSection
	GlobalSection(ProjectConfigurationPlatforms) = postSolution
		{5E417916-5DB1-4DC4-A15D-68A531AE465D}.Debug|Any CPU.ActiveCfg = Debug|Any CPU
		{5E417916-5DB1-4DC4-A15D-68A531AE465D}.Debug|Any CPU.Build.0 = Debug|Any CPU
		{5E417916-5DB1-4DC4-A15D-68A531AE465D}.Release|Any CPU.ActiveCfg = Release|Any CPU
		{5E417916-5DB1-4DC4-A15D-68A531AE465D}.Release|Any CPU.Build.0 = Release|Any CPU
	EndGlobalSection
	GlobalSection(SolutionProperties) = preSolution
		HideSolutionNode = FALSE
	EndGlobalSection
	GlobalSection(ExtensibilityGlobals) = postSolution
		SolutionGuid = {202C31A3-581A-4193-8157-443886088C16}
	EndGlobalSection
EndGlobal
